
Microsoft Visual Studio Solution File, Format Version 12.00
# Visual Studio 15
VisualStudioVersion = 15.0.27703.2018
MinimumVisualStudioVersion = 10.0.40219.1
Project("{9A19103F-16F7-4668-BE54-9A1E7A4F7556}") = "Checkout", "Checkout\Checkout.csproj", "{C2136479-047A-4365-B44B-323ECED8BEE4}"
EndProject
Project("{9A19103F-16F7-4668-BE54-9A1E7A4F7556}") = "Checkout.Service", "Checkout.Service\Checkout.Service.csproj", "{147A4E93-DE36-4671-B567-5730B8EC43DD}"
EndProject
Project("{9A19103F-16F7-4668-BE54-9A1E7A4F7556}") = "Checkout.Service.Interfaces", "Checkout.Service.Interfaces\Checkout.Service.Interfaces.csproj", "{21D13A51-7A86-4763-8A23-EA50B7DE7AF5}"
EndProject
Project("{9A19103F-16F7-4668-BE54-9A1E7A4F7556}") = "Checkout.Service.Tests", "Checkout.Service.Tests\Checkout.Service.Tests.csproj", "{A31CAB19-4F3B-4533-AEB0-2A2A68CCDA68}"
EndProject
Project("{9A19103F-16F7-4668-BE54-9A1E7A4F7556}") = "Checkout.Client", "Checkout.Client\Checkout.Client.csproj", "{91C2D6EA-20AA-4E95-9DFB-5D5350C3FD76}"
EndProject
Global
	GlobalSection(SolutionConfigurationPlatforms) = preSolution
		Debug|Any CPU = Debug|Any CPU
		Release|Any CPU = Release|Any CPU
	EndGlobalSection
	GlobalSection(ProjectConfigurationPlatforms) = postSolution
		{C2136479-047A-4365-B44B-323ECED8BEE4}.Debug|Any CPU.ActiveCfg = Debug|Any CPU
		{C2136479-047A-4365-B44B-323ECED8BEE4}.Debug|Any CPU.Build.0 = Debug|Any CPU
		{C2136479-047A-4365-B44B-323ECED8BEE4}.Release|Any CPU.ActiveCfg = Release|Any CPU
		{C2136479-047A-4365-B44B-323ECED8BEE4}.Release|Any CPU.Build.0 = Release|Any CPU
		{147A4E93-DE36-4671-B567-5730B8EC43DD}.Debug|Any CPU.ActiveCfg = Debug|Any CPU
		{147A4E93-DE36-4671-B567-5730B8EC43DD}.Debug|Any CPU.Build.0 = Debug|Any CPU
		{147A4E93-DE36-4671-B567-5730B8EC43DD}.Release|Any CPU.ActiveCfg = Release|Any CPU
		{147A4E93-DE36-4671-B567-5730B8EC43DD}.Release|Any CPU.Build.0 = Release|Any CPU
		{21D13A51-7A86-4763-8A23-EA50B7DE7AF5}.Debug|Any CPU.ActiveCfg = Debug|Any CPU
		{21D13A51-7A86-4763-8A23-EA50B7DE7AF5}.Debug|Any CPU.Build.0 = Debug|Any CPU
		{21D13A51-7A86-4763-8A23-EA50B7DE7AF5}.Release|Any CPU.ActiveCfg = Release|Any CPU
		{21D13A51-7A86-4763-8A23-EA50B7DE7AF5}.Release|Any CPU.Build.0 = Release|Any CPU
		{A31CAB19-4F3B-4533-AEB0-2A2A68CCDA68}.Debug|Any CPU.ActiveCfg = Debug|Any CPU
		{A31CAB19-4F3B-4533-AEB0-2A2A68CCDA68}.Debug|Any CPU.Build.0 = Debug|Any CPU
		{A31CAB19-4F3B-4533-AEB0-2A2A68CCDA68}.Release|Any CPU.ActiveCfg = Release|Any CPU
		{A31CAB19-4F3B-4533-AEB0-2A2A68CCDA68}.Release|Any CPU.Build.0 = Release|Any CPU
		{91C2D6EA-20AA-4E95-9DFB-5D5350C3FD76}.Debug|Any CPU.ActiveCfg = Debug|Any CPU
		{91C2D6EA-20AA-4E95-9DFB-5D5350C3FD76}.Debug|Any CPU.Build.0 = Debug|Any CPU
		{91C2D6EA-20AA-4E95-9DFB-5D5350C3FD76}.Release|Any CPU.ActiveCfg = Release|Any CPU
		{91C2D6EA-20AA-4E95-9DFB-5D5350C3FD76}.Release|Any CPU.Build.0 = Release|Any CPU
	EndGlobalSection
	GlobalSection(SolutionProperties) = preSolution
		HideSolutionNode = FALSE
	EndGlobalSection
	GlobalSection(ExtensibilityGlobals) = postSolution
		SolutionGuid = {C2DF59A7-A306-422F-ABD6-F0F4E82C1B61}
	EndGlobalSection
EndGlobal
